// !$*UTF8*$!
{
	archiveVersion = 1;
	classes = {
	};
	objectVersion = 46;
	objects = {

/* Begin PBXBuildFile section */
		7B10D2601DFE391F00DC90C6 /* main.m in Sources */ = {isa = PBXBuildFile; fileRef = 7B10D25F1DFE391F00DC90C6 /* main.m */; };
		7B10D2631DFE391F00DC90C6 /* AppDelegate.m in Sources */ = {isa = PBXBuildFile; fileRef = 7B10D2621DFE391F00DC90C6 /* AppDelegate.m */; };
		7B10D2661DFE391F00DC90C6 /* ViewController.m in Sources */ = {isa = PBXBuildFile; fileRef = 7B10D2651DFE391F00DC90C6 /* ViewController.m */; };
		7B10D2691DFE391F00DC90C6 /* Main.storyboard in Resources */ = {isa = PBXBuildFile; fileRef = 7B10D2671DFE391F00DC90C6 /* Main.storyboard */; };
		7B10D26B1DFE391F00DC90C6 /* Assets.xcassets in Resources */ = {isa = PBXBuildFile; fileRef = 7B10D26A1DFE391F00DC90C6 /* Assets.xcassets */; };
		7B10D26E1DFE391F00DC90C6 /* LaunchScreen.storyboard in Resources */ = {isa = PBXBuildFile; fileRef = 7B10D26C1DFE391F00DC90C6 /* LaunchScreen.storyboard */; };
		7B10D2791DFE391F00DC90C6 /* DoubleWavesAnimationTests.m in Sources */ = {isa = PBXBuildFile; fileRef = 7B10D2781DFE391F00DC90C6 /* DoubleWavesAnimationTests.m */; };
		7B10D2841DFE391F00DC90C6 /* DoubleWavesAnimationUITests.m in Sources */ = {isa = PBXBuildFile; fileRef = 7B10D2831DFE391F00DC90C6 /* DoubleWavesAnimationUITests.m */; };
		7BAF543A1DFE4CBD00DFF5B0 /* FirstWaves.m in Sources */ = {isa = PBXBuildFile; fileRef = 7BAF54391DFE4CBD00DFF5B0 /* FirstWaves.m */; };
		7BAF54401DFE4E0400DFF5B0 /* SecondWaves.m in Sources */ = {isa = PBXBuildFile; fileRef = 7BAF543F1DFE4E0400DFF5B0 /* SecondWaves.m */; };
		7BAF54421DFE705200DFF5B0 /* 相同速度:振幅:周期:非震荡.gif in Resources */ = {isa = PBXBuildFile; fileRef = 7BAF54411DFE705200DFF5B0 /* 相同速度:振幅:周期:非震荡.gif */; };
		7BAF54441DFE705900DFF5B0 /* 相同速度:振幅:周期:震荡.gif in Resources */ = {isa = PBXBuildFile; fileRef = 7BAF54431DFE705900DFF5B0 /* 相同速度:振幅:周期:震荡.gif */; };
		7BAF54461DFE705F00DFF5B0 /* 不同速度:振幅,相同周期非震荡.gif in Resources */ = {isa = PBXBuildFile; fileRef = 7BAF54451DFE705F00DFF5B0 /* 不同速度:振幅,相同周期非震荡.gif */; };
		7BAF54481DFE706300DFF5B0 /* 不同速度:振幅,相同周期:震荡.gif in Resources */ = {isa = PBXBuildFile; fileRef = 7BAF54471DFE706300DFF5B0 /* 不同速度:振幅,相同周期:震荡.gif */; };
		7BCCD5781E02769D00962E63 /* 同速度:振幅:周期,峰顶与峰底对应.gif in Resources */ = {isa = PBXBuildFile; fileRef = 7BCCD5771E02769D00962E63 /* 同速度:振幅:周期,峰顶与峰底对应.gif */; };
/* End PBXBuildFile section */

/* Begin PBXContainerItemProxy section */
		7B10D2751DFE391F00DC90C6 /* PBXContainerItemProxy */ = {
			isa = PBXContainerItemProxy;
			containerPortal = 7B10D2531DFE391F00DC90C6 /* Project object */;
			proxyType = 1;
			remoteGlobalIDString = 7B10D25A1DFE391F00DC90C6;
			remoteInfo = DoubleWavesAnimation;
		};
		7B10D2801DFE391F00DC90C6 /* PBXContainerItemProxy */ = {
			isa = PBXContainerItemProxy;
			containerPortal = 7B10D2531DFE391F00DC90C6 /* Project object */;
			proxyType = 1;
			remoteGlobalIDString = 7B10D25A1DFE391F00DC90C6;
			remoteInfo = DoubleWavesAnimation;
		};
/* End PBXContainerItemProxy section */

/* Begin PBXFileReference section */
		7B10D25B1DFE391F00DC90C6 /* DoubleWavesAnimation.app */ = {isa = PBXFileReference; explicitFileType = wrapper.application; includeInIndex = 0; path = DoubleWavesAnimation.app; sourceTree = BUILT_PRODUCTS_DIR; };
		7B10D25F1DFE391F00DC90C6 /* main.m */ = {isa = PBXFileReference; lastKnownFileType = sourcecode.c.objc; path = main.m; sourceTree = "<group>"; };
		7B10D2611DFE391F00DC90C6 /* AppDelegate.h */ = {isa = PBXFileReference; lastKnownFileType = sourcecode.c.h; path = AppDelegate.h; sourceTree = "<group>"; };
		7B10D2621DFE391F00DC90C6 /* AppDelegate.m */ = {isa = PBXFileReference; lastKnownFileType = sourcecode.c.objc; path = AppDelegate.m; sourceTree = "<group>"; };
		7B10D2641DFE391F00DC90C6 /* ViewController.h */ = {isa = PBXFileReference; lastKnownFileType = sourcecode.c.h; path = ViewController.h; sourceTree = "<group>"; };
		7B10D2651DFE391F00DC90C6 /* ViewController.m */ = {isa = PBXFileReference; lastKnownFileType = sourcecode.c.objc; path = ViewController.m; sourceTree = "<group>"; };
		7B10D2681DFE391F00DC90C6 /* Base */ = {isa = PBXFileReference; lastKnownFileType = file.storyboard; name = Base; path = Base.lproj/Main.storyboard; sourceTree = "<group>"; };
		7B10D26A1DFE391F00DC90C6 /* Assets.xcassets */ = {isa = PBXFileReference; lastKnownFileType = folder.assetcatalog; path = Assets.xcassets; sourceTree = "<group>"; };
		7B10D26D1DFE391F00DC90C6 /* Base */ = {isa = PBXFileReference; lastKnownFileType = file.storyboard; name = Base; path = Base.lproj/LaunchScreen.storyboard; sourceTree = "<group>"; };
		7B10D26F1DFE391F00DC90C6 /* Info.plist */ = {isa = PBXFileReference; lastKnownFileType = text.plist.xml; path = Info.plist; sourceTree = "<group>"; };
		7B10D2741DFE391F00DC90C6 /* DoubleWavesAnimationTests.xctest */ = {isa = PBXFileReference; explicitFileType = wrapper.cfbundle; includeInIndex = 0; path = DoubleWavesAnimationTests.xctest; sourceTree = BUILT_PRODUCTS_DIR; };
		7B10D2781DFE391F00DC90C6 /* DoubleWavesAnimationTests.m */ = {isa = PBXFileReference; lastKnownFileType = sourcecode.c.objc; path = DoubleWavesAnimationTests.m; sourceTree = "<group>"; };
		7B10D27A1DFE391F00DC90C6 /* Info.plist */ = {isa = PBXFileReference; lastKnownFileType = text.plist.xml; path = Info.plist; sourceTree = "<group>"; };
		7B10D27F1DFE391F00DC90C6 /* DoubleWavesAnimationUITests.xctest */ = {isa = PBXFileReference; explicitFileType = wrapper.cfbundle; includeInIndex = 0; path = DoubleWavesAnimationUITests.xctest; sourceTree = BUILT_PRODUCTS_DIR; };
		7B10D2831DFE391F00DC90C6 /* DoubleWavesAnimationUITests.m */ = {isa = PBXFileReference; lastKnownFileType = sourcecode.c.objc; path = DoubleWavesAnimationUITests.m; sourceTree = "<group>"; };
		7B10D2851DFE391F00DC90C6 /* Info.plist */ = {isa = PBXFileReference; lastKnownFileType = text.plist.xml; path = Info.plist; sourceTree = "<group>"; };
		7BAF54381DFE4CBD00DFF5B0 /* FirstWaves.h */ = {isa = PBXFileReference; fileEncoding = 4; lastKnownFileType = sourcecode.c.h; path = FirstWaves.h; sourceTree = "<group>"; };
		7BAF54391DFE4CBD00DFF5B0 /* FirstWaves.m */ = {isa = PBXFileReference; fileEncoding = 4; lastKnownFileType = sourcecode.c.objc; path = FirstWaves.m; sourceTree = "<group>"; };
		7BAF543E1DFE4E0400DFF5B0 /* SecondWaves.h */ = {isa = PBXFileReference; fileEncoding = 4; lastKnownFileType = sourcecode.c.h; path = SecondWaves.h; sourceTree = "<group>"; };
		7BAF543F1DFE4E0400DFF5B0 /* SecondWaves.m */ = {isa = PBXFileReference; fileEncoding = 4; lastKnownFileType = sourcecode.c.objc; path = SecondWaves.m; sourceTree = "<group>"; };
		7BAF54411DFE705200DFF5B0 /* 相同速度:振幅:周期:非震荡.gif */ = {isa = PBXFileReference; lastKnownFileType = image.gif; path = "相同速度:振幅:周期:非震荡.gif"; sourceTree = "<group>"; };
		7BAF54431DFE705900DFF5B0 /* 相同速度:振幅:周期:震荡.gif */ = {isa = PBXFileReference; lastKnownFileType = image.gif; path = "相同速度:振幅:周期:震荡.gif"; sourceTree = "<group>"; };
		7BAF54451DFE705F00DFF5B0 /* 不同速度:振幅,相同周期非震荡.gif */ = {isa = PBXFileReference; lastKnownFileType = image.gif; path = "不同速度:振幅,相同周期非震荡.gif"; sourceTree = "<group>"; };
		7BAF54471DFE706300DFF5B0 /* 不同速度:振幅,相同周期:震荡.gif */ = {isa = PBXFileReference; lastKnownFileType = image.gif; path = "不同速度:振幅,相同周期:震荡.gif"; sourceTree = "<group>"; };
		7BCCD5771E02769D00962E63 /* 同速度:振幅:周期,峰顶与峰底对应.gif */ = {isa = PBXFileReference; lastKnownFileType = image.gif; path = "同速度:振幅:周期,峰顶与峰底对应.gif"; sourceTree = "<group>"; };
/* End PBXFileReference section */

/* Begin PBXFrameworksBuildPhase section */
		7B10D2581DFE391F00DC90C6 /* Frameworks */ = {
			isa = PBXFrameworksBuildPhase;
			buildActionMask = 2147483647;
			files = (
			);
			runOnlyForDeploymentPostprocessing = 0;
		};
		7B10D2711DFE391F00DC90C6 /* Frameworks */ = {
			isa = PBXFrameworksBuildPhase;
			buildActionMask = 2147483647;
			files = (
			);
			runOnlyForDeploymentPostprocessing = 0;
		};
		7B10D27C1DFE391F00DC90C6 /* Frameworks */ = {
			isa = PBXFrameworksBuildPhase;
			buildActionMask = 2147483647;
			files = (
			);
			runOnlyForDeploymentPostprocessing = 0;
		};
/* End PBXFrameworksBuildPhase section */

/* Begin PBXGroup section */
		7B10D2521DFE391F00DC90C6 = {
			isa = PBXGroup;
			children = (
				7B10D25D1DFE391F00DC90C6 /* DoubleWavesAnimation */,
				7B10D2771DFE391F00DC90C6 /* DoubleWavesAnimationTests */,
				7B10D2821DFE391F00DC90C6 /* DoubleWavesAnimationUITests */,
				7B10D25C1DFE391F00DC90C6 /* Products */,
			);
			sourceTree = "<group>";
		};
		7B10D25C1DFE391F00DC90C6 /* Products */ = {
			isa = PBXGroup;
			children = (
				7B10D25B1DFE391F00DC90C6 /* DoubleWavesAnimation.app */,
				7B10D2741DFE391F00DC90C6 /* DoubleWavesAnimationTests.xctest */,
				7B10D27F1DFE391F00DC90C6 /* DoubleWavesAnimationUITests.xctest */,
			);
			name = Products;
			sourceTree = "<group>";
		};
		7B10D25D1DFE391F00DC90C6 /* DoubleWavesAnimation */ = {
			isa = PBXGroup;
			children = (
				7B10D2611DFE391F00DC90C6 /* AppDelegate.h */,
				7B10D2621DFE391F00DC90C6 /* AppDelegate.m */,
				7B10D2641DFE391F00DC90C6 /* ViewController.h */,
				7B10D2651DFE391F00DC90C6 /* ViewController.m */,
				7B10D2671DFE391F00DC90C6 /* Main.storyboard */,
				7BAF54381DFE4CBD00DFF5B0 /* FirstWaves.h */,
				7BAF54391DFE4CBD00DFF5B0 /* FirstWaves.m */,
				7BAF543E1DFE4E0400DFF5B0 /* SecondWaves.h */,
				7BAF543F1DFE4E0400DFF5B0 /* SecondWaves.m */,
				7B10D26A1DFE391F00DC90C6 /* Assets.xcassets */,
				7B10D26C1DFE391F00DC90C6 /* LaunchScreen.storyboard */,
				7B10D26F1DFE391F00DC90C6 /* Info.plist */,
				7BAF54411DFE705200DFF5B0 /* 相同速度:振幅:周期:非震荡.gif */,
				7BAF54431DFE705900DFF5B0 /* 相同速度:振幅:周期:震荡.gif */,
				7BAF54451DFE705F00DFF5B0 /* 不同速度:振幅,相同周期非震荡.gif */,
				7BAF54471DFE706300DFF5B0 /* 不同速度:振幅,相同周期:震荡.gif */,
				7BCCD5771E02769D00962E63 /* 同速度:振幅:周期,峰顶与峰底对应.gif */,
				7B10D25E1DFE391F00DC90C6 /* Supporting Files */,
			);
			path = DoubleWavesAnimation;
			sourceTree = "<group>";
		};
		7B10D25E1DFE391F00DC90C6 /* Supporting Files */ = {
			isa = PBXGroup;
			children = (
				7B10D25F1DFE391F00DC90C6 /* main.m */,
			);
			name = "Supporting Files";
			sourceTree = "<group>";
		};
		7B10D2771DFE391F00DC90C6 /* DoubleWavesAnimationTests */ = {
			isa = PBXGroup;
			children = (
				7B10D2781DFE391F00DC90C6 /* DoubleWavesAnimationTests.m */,
				7B10D27A1DFE391F00DC90C6 /* Info.plist */,
			);
			path = DoubleWavesAnimationTests;
			sourceTree = "<group>";
		};
		7B10D2821DFE391F00DC90C6 /* DoubleWavesAnimationUITests */ = {
			isa = PBXGroup;
			children = (
				7B10D2831DFE391F00DC90C6 /* DoubleWavesAnimationUITests.m */,
				7B10D2851DFE391F00DC90C6 /* Info.plist */,
			);
			path = DoubleWavesAnimationUITests;
			sourceTree = "<group>";
		};
/* End PBXGroup section */

/* Begin PBXNativeTarget section */
		7B10D25A1DFE391F00DC90C6 /* DoubleWavesAnimation */ = {
			isa = PBXNativeTarget;
			buildConfigurationList = 7B10D2881DFE391F00DC90C6 /* Build configuration list for PBXNativeTarget "DoubleWavesAnimation" */;
			buildPhases = (
				7B10D2571DFE391F00DC90C6 /* Sources */,
				7B10D2581DFE391F00DC90C6 /* Frameworks */,
				7B10D2591DFE391F00DC90C6 /* Resources */,
			);
			buildRules = (
			);
			dependencies = (
			);
			name = DoubleWavesAnimation;
			productName = DoubleWavesAnimation;
			productReference = 7B10D25B1DFE391F00DC90C6 /* DoubleWavesAnimation.app */;
			productType = "com.apple.product-type.application";
		};
		7B10D2731DFE391F00DC90C6 /* DoubleWavesAnimationTests */ = {
			isa = PBXNativeTarget;
			buildConfigurationList = 7B10D28B1DFE391F00DC90C6 /* Build configuration list for PBXNativeTarget "DoubleWavesAnimationTests" */;
			buildPhases = (
				7B10D2701DFE391F00DC90C6 /* Sources */,
				7B10D2711DFE391F00DC90C6 /* Frameworks */,
				7B10D2721DFE391F00DC90C6 /* Resources */,
			);
			buildRules = (
			);
			dependencies = (
				7B10D2761DFE391F00DC90C6 /* PBXTargetDependency */,
			);
			name = DoubleWavesAnimationTests;
			productName = DoubleWavesAnimationTests;
			productReference = 7B10D2741DFE391F00DC90C6 /* DoubleWavesAnimationTests.xctest */;
			productType = "com.apple.product-type.bundle.unit-test";
		};
		7B10D27E1DFE391F00DC90C6 /* DoubleWavesAnimationUITests */ = {
			isa = PBXNativeTarget;
			buildConfigurationList = 7B10D28E1DFE391F00DC90C6 /* Build configuration list for PBXNativeTarget "DoubleWavesAnimationUITests" */;
			buildPhases = (
				7B10D27B1DFE391F00DC90C6 /* Sources */,
				7B10D27C1DFE391F00DC90C6 /* Frameworks */,
				7B10D27D1DFE391F00DC90C6 /* Resources */,
			);
			buildRules = (
			);
			dependencies = (
				7B10D2811DFE391F00DC90C6 /* PBXTargetDependency */,
			);
			name = DoubleWavesAnimationUITests;
			productName = DoubleWavesAnimationUITests;
			productReference = 7B10D27F1DFE391F00DC90C6 /* DoubleWavesAnimationUITests.xctest */;
			productType = "com.apple.product-type.bundle.ui-testing";
		};
/* End PBXNativeTarget section */

/* Begin PBXProject section */
		7B10D2531DFE391F00DC90C6 /* Project object */ = {
			isa = PBXProject;
			attributes = {
				LastUpgradeCheck = 0810;
				ORGANIZATIONNAME = cc;
				TargetAttributes = {
					7B10D25A1DFE391F00DC90C6 = {
						CreatedOnToolsVersion = 8.1;
						ProvisioningStyle = Automatic;
					};
					7B10D2731DFE391F00DC90C6 = {
						CreatedOnToolsVersion = 8.1;
						ProvisioningStyle = Automatic;
						TestTargetID = 7B10D25A1DFE391F00DC90C6;
					};
					7B10D27E1DFE391F00DC90C6 = {
						CreatedOnToolsVersion = 8.1;
						ProvisioningStyle = Automatic;
						TestTargetID = 7B10D25A1DFE391F00DC90C6;
					};
				};
			};
			buildConfigurationList = 7B10D2561DFE391F00DC90C6 /* Build configuration list for PBXProject "DoubleWavesAnimation" */;
			compatibilityVersion = "Xcode 3.2";
			developmentRegion = English;
			hasScannedForEncodings = 0;
			knownRegions = (
				en,
				Base,
			);
			mainGroup = 7B10D2521DFE391F00DC90C6;
			productRefGroup = 7B10D25C1DFE391F00DC90C6 /* Products */;
			projectDirPath = "";
			projectRoot = "";
			targets = (
				7B10D25A1DFE391F00DC90C6 /* DoubleWavesAnimation */,
				7B10D2731DFE391F00DC90C6 /* DoubleWavesAnimationTests */,
				7B10D27E1DFE391F00DC90C6 /* DoubleWavesAnimationUITests */,
			);
		};
/* End PBXProject section */

/* Begin PBXResourcesBuildPhase section */
		7B10D2591DFE391F00DC90C6 /* Resources */ = {
			isa = PBXResourcesBuildPhase;
			buildActionMask = 2147483647;
			files = (
				7BAF54481DFE706300DFF5B0 /* 不同速度:振幅,相同周期:震荡.gif in Resources */,
				7BAF54441DFE705900DFF5B0 /* 相同速度:振幅:周期:震荡.gif in Resources */,
				7B10D26E1DFE391F00DC90C6 /* LaunchScreen.storyboard in Resources */,
				7BCCD5781E02769D00962E63 /* 同速度:振幅:周期,峰顶与峰底对应.gif in Resources */,
				7B10D26B1DFE391F00DC90C6 /* Assets.xcassets in Resources */,
				7BAF54421DFE705200DFF5B0 /* 相同速度:振幅:周期:非震荡.gif in Resources */,
				7BAF54461DFE705F00DFF5B0 /* 不同速度:振幅,相同周期非震荡.gif in Resources */,
				7B10D2691DFE391F00DC90C6 /* Main.storyboard in Resources */,
			);
			runOnlyForDeploymentPostprocessing = 0;
		};
		7B10D2721DFE391F00DC90C6 /* Resources */ = {
			isa = PBXResourcesBuildPhase;
			buildActionMask = 2147483647;
			files = (
			);
			runOnlyForDeploymentPostprocessing = 0;
		};
		7B10D27D1DFE391F00DC90C6 /* Resources */ = {
			isa = PBXResourcesBuildPhase;
			buildActionMask = 2147483647;
			files = (
			);
			runOnlyForDeploymentPostprocessing = 0;
		};
/* End PBXResourcesBuildPhase section */

/* Begin PBXSourcesBuildPhase section */
		7B10D2571DFE391F00DC90C6 /* Sources */ = {
			isa = PBXSourcesBuildPhase;
			buildActionMask = 2147483647;
			files = (
				7B10D2661DFE391F00DC90C6 /* ViewController.m in Sources */,
				7BAF543A1DFE4CBD00DFF5B0 /* FirstWaves.m in Sources */,
				7BAF54401DFE4E0400DFF5B0 /* SecondWaves.m in Sources */,
				7B10D2631DFE391F00DC90C6 /* AppDelegate.m in Sources */,
				7B10D2601DFE391F00DC90C6 /* main.m in Sources */,
			);
			runOnlyForDeploymentPostprocessing = 0;
		};
		7B10D2701DFE391F00DC90C6 /* Sources */ = {
			isa = PBXSourcesBuildPhase;
			buildActionMask = 2147483647;
			files = (
				7B10D2791DFE391F00DC90C6 /* DoubleWavesAnimationTests.m in Sources */,
			);
			runOnlyForDeploymentPostprocessing = 0;
		};
		7B10D27B1DFE391F00DC90C6 /* Sources */ = {
			isa = PBXSourcesBuildPhase;
			buildActionMask = 2147483647;
			files = (
				7B10D2841DFE391F00DC90C6 /* DoubleWavesAnimationUITests.m in Sources */,
			);
			runOnlyForDeploymentPostprocessing = 0;
		};
/* End PBXSourcesBuildPhase section */

/* Begin PBXTargetDependency section */
		7B10D2761DFE391F00DC90C6 /* PBXTargetDependency */ = {
			isa = PBXTargetDependency;
			target = 7B10D25A1DFE391F00DC90C6 /* DoubleWavesAnimation */;
			targetProxy = 7B10D2751DFE391F00DC90C6 /* PBXContainerItemProxy */;
		};
		7B10D2811DFE391F00DC90C6 /* PBXTargetDependency */ = {
			isa = PBXTargetDependency;
			target = 7B10D25A1DFE391F00DC90C6 /* DoubleWavesAnimation */;
			targetProxy = 7B10D2801DFE391F00DC90C6 /* PBXContainerItemProxy */;
		};
/* End PBXTargetDependency section */

/* Begin PBXVariantGroup section */
		7B10D2671DFE391F00DC90C6 /* Main.storyboard */ = {
			isa = PBXVariantGroup;
			children = (
				7B10D2681DFE391F00DC90C6 /* Base */,
			);
			name = Main.storyboard;
			sourceTree = "<group>";
		};
		7B10D26C1DFE391F00DC90C6 /* LaunchScreen.storyboard */ = {
			isa = PBXVariantGroup;
			children = (
				7B10D26D1DFE391F00DC90C6 /* Base */,
			);
			name = LaunchScreen.storyboard;
			sourceTree = "<group>";
		};
/* End PBXVariantGroup section */

/* Begin XCBuildConfiguration section */
		7B10D2861DFE391F00DC90C6 /* Debug */ = {
			isa = XCBuildConfiguration;
			buildSettings = {
				ALWAYS_SEARCH_USER_PATHS = NO;
				CLANG_ANALYZER_NONNULL = YES;
				CLANG_CXX_LANGUAGE_STANDARD = "gnu++0x";
				CLANG_CXX_LIBRARY = "libc++";
				CLANG_ENABLE_MODULES = YES;
				CLANG_ENABLE_OBJC_ARC = YES;
				CLANG_WARN_BOOL_CONVERSION = YES;
				CLANG_WARN_CONSTANT_CONVERSION = YES;
				CLANG_WARN_DIRECT_OBJC_ISA_USAGE = YES_ERROR;
				CLANG_WARN_DOCUMENTATION_COMMENTS = YES;
				CLANG_WARN_EMPTY_BODY = YES;
				CLANG_WARN_ENUM_CONVERSION = YES;
				CLANG_WARN_INFINITE_RECURSION = YES;
				CLANG_WARN_INT_CONVERSION = YES;
				CLANG_WARN_OBJC_ROOT_CLASS = YES_ERROR;
				CLANG_WARN_SUSPICIOUS_MOVES = YES;
				CLANG_WARN_UNREACHABLE_CODE = YES;
				CLANG_WARN__DUPLICATE_METHOD_MATCH = YES;
				"CODE_SIGN_IDENTITY[sdk=iphoneos*]" = "iPhone Developer";
				COPY_PHASE_STRIP = NO;
				DEBUG_INFORMATION_FORMAT = dwarf;
				ENABLE_STRICT_OBJC_MSGSEND = YES;
				ENABLE_TESTABILITY = YES;
				GCC_C_LANGUAGE_STANDARD = gnu99;
				GCC_DYNAMIC_NO_PIC = NO;
				GCC_NO_COMMON_BLOCKS = YES;
				GCC_OPTIMIZATION_LEVEL = 0;
				GCC_PREPROCESSOR_DEFINITIONS = (
					"DEBUG=1",
					"$(inherited)",
				);
				GCC_WARN_64_TO_32_BIT_CONVERSION = YES;
				GCC_WARN_ABOUT_RETURN_TYPE = YES_ERROR;
				GCC_WARN_UNDECLARED_SELECTOR = YES;
				GCC_WARN_UNINITIALIZED_AUTOS = YES_AGGRESSIVE;
				GCC_WARN_UNUSED_FUNCTION = YES;
				GCC_WARN_UNUSED_VARIABLE = YES;
				IPHONEOS_DEPLOYMENT_TARGET = 10.1;
				MTL_ENABLE_DEBUG_INFO = YES;
				ONLY_ACTIVE_ARCH = YES;
				SDKROOT = iphoneos;
			};
			name = Debug;
		};
		7B10D2871DFE391F00DC90C6 /* Release */ = {
			isa = XCBuildConfiguration;
			buildSettings = {
				ALWAYS_SEARCH_USER_PATHS = NO;
				CLANG_ANALYZER_NONNULL = YES;
				CLANG_CXX_LANGUAGE_STANDARD = "gnu++0x";
				CLANG_CXX_LIBRARY = "libc++";
				CLANG_ENABLE_MODULES = YES;
				CLANG_ENABLE_OBJC_ARC = YES;
				CLANG_WARN_BOOL_CONVERSION = YES;
				CLANG_WARN_CONSTANT_CONVERSION = YES;
				CLANG_WARN_DIRECT_OBJC_ISA_USAGE = YES_ERROR;
				CLANG_WARN_DOCUMENTATION_COMMENTS = YES;
				CLANG_WARN_EMPTY_BODY = YES;
				CLANG_WARN_ENUM_CONVERSION = YES;
				CLANG_WARN_INFINITE_RECURSION = YES;
				CLANG_WARN_INT_CONVERSION = YES;
				CLANG_WARN_OBJC_ROOT_CLASS = YES_ERROR;
				CLANG_WARN_SUSPICIOUS_MOVES = YES;
				CLANG_WARN_UNREACHABLE_CODE = YES;
				CLANG_WARN__DUPLICATE_METHOD_MATCH = YES;
				"CODE_SIGN_IDENTITY[sdk=iphoneos*]" = "iPhone Developer";
				COPY_PHASE_STRIP = NO;
				DEBUG_INFORMATION_FORMAT = "dwarf-with-dsym";
				ENABLE_NS_ASSERTIONS = NO;
				ENABLE_STRICT_OBJC_MSGSEND = YES;
				GCC_C_LANGUAGE_STANDARD = gnu99;
				GCC_NO_COMMON_BLOCKS = YES;
				GCC_WARN_64_TO_32_BIT_CONVERSION = YES;
				GCC_WARN_ABOUT_RETURN_TYPE = YES_ERROR;
				GCC_WARN_UNDECLARED_SELECTOR = YES;
				GCC_WARN_UNINITIALIZED_AUTOS = YES_AGGRESSIVE;
				GCC_WARN_UNUSED_FUNCTION = YES;
				GCC_WARN_UNUSED_VARIABLE = YES;
				IPHONEOS_DEPLOYMENT_TARGET = 10.1;
				MTL_ENABLE_DEBUG_INFO = NO;
				SDKROOT = iphoneos;
				VALIDATE_PRODUCT = YES;
			};
			name = Release;
		};
		7B10D2891DFE391F00DC90C6 /* Debug */ = {
			isa = XCBuildConfiguration;
			buildSettings = {
				ASSETCATALOG_COMPILER_APPICON_NAME = AppIcon;
				DEVELOPMENT_TEAM = "";
				INFOPLIST_FILE = DoubleWavesAnimation/Info.plist;
				LD_RUNPATH_SEARCH_PATHS = "$(inherited) @executable_path/Frameworks";
				PRODUCT_BUNDLE_IDENTIFIER = com.cc.DoubleWavesAnimation;
				PRODUCT_NAME = "$(TARGET_NAME)";
			};
			name = Debug;
		};
		7B10D28A1DFE391F00DC90C6 /* Release */ = {
			isa = XCBuildConfiguration;
			buildSettings = {
				ASSETCATALOG_COMPILER_APPICON_NAME = AppIcon;
				DEVELOPMENT_TEAM = "";
				INFOPLIST_FILE = DoubleWavesAnimation/Info.plist;
				LD_RUNPATH_SEARCH_PATHS = "$(inherited) @executable_path/Frameworks";
				PRODUCT_BUNDLE_IDENTIFIER = com.cc.DoubleWavesAnimation;
				PRODUCT_NAME = "$(TARGET_NAME)";
			};
			name = Release;
		};
		7B10D28C1DFE391F00DC90C6 /* Debug */ = {
			isa = XCBuildConfiguration;
			buildSettings = {
				BUNDLE_LOADER = "$(TEST_HOST)";
				INFOPLIST_FILE = DoubleWavesAnimationTests/Info.plist;
				LD_RUNPATH_SEARCH_PATHS = "$(inherited) @executable_path/Frameworks @loader_path/Frameworks";
				PRODUCT_BUNDLE_IDENTIFIER = com.cc.DoubleWavesAnimationTests;
				PRODUCT_NAME = "$(TARGET_NAME)";
				TEST_HOST = "$(BUILT_PRODUCTS_DIR)/DoubleWavesAnimation.app/DoubleWavesAnimation";
			};
			name = Debug;
		};
		7B10D28D1DFE391F00DC90C6 /* Release */ = {
			isa = XCBuildConfiguration;
			buildSettings = {
				BUNDLE_LOADER = "$(TEST_HOST)";
				INFOPLIST_FILE = DoubleWavesAnimationTests/Info.plist;
				LD_RUNPATH_SEARCH_PATHS = "$(inherited) @executable_path/Frameworks @loader_path/Frameworks";
				PRODUCT_BUNDLE_IDENTIFIER = com.cc.DoubleWavesAnimationTests;
				PRODUCT_NAME = "$(TARGET_NAME)";
				TEST_HOST = "$(BUILT_PRODUCTS_DIR)/DoubleWavesAnimation.app/DoubleWavesAnimation";
			};
			name = Release;
		};
		7B10D28F1DFE391F00DC90C6 /* Debug */ = {
			isa = XCBuildConfiguration;
			buildSettings = {
				INFOPLIST_FILE = DoubleWavesAnimationUITests/Info.plist;
				LD_RUNPATH_SEARCH_PATHS = "$(inherited) @executable_path/Frameworks @loader_path/Frameworks";
				PRODUCT_BUNDLE_IDENTIFIER = com.cc.DoubleWavesAnimationUITests;
				PRODUCT_NAME = "$(TARGET_NAME)";
				TEST_TARGET_NAME = DoubleWavesAnimation;
			};
			name = Debug;
		};
		7B10D2901DFE391F00DC90C6 /* Release */ = {
			isa = XCBuildConfiguration;
			buildSettings = {
				INFOPLIST_FILE = DoubleWavesAnimationUITests/Info.plist;
				LD_RUNPATH_SEARCH_PATHS = "$(inherited) @executable_path/Frameworks @loader_path/Frameworks";
				PRODUCT_BUNDLE_IDENTIFIER = com.cc.DoubleWavesAnimationUITests;
				PRODUCT_NAME = "$(TARGET_NAME)";
				TEST_TARGET_NAME = DoubleWavesAnimation;
			};
			name = Release;
		};
/* End XCBuildConfiguration section */

/* Begin XCConfigurationList section */
		7B10D2561DFE391F00DC90C6 /* Build configuration list for PBXProject "DoubleWavesAnimation" */ = {
			isa = XCConfigurationList;
			buildConfigurations = (
				7B10D2861DFE391F00DC90C6 /* Debug */,
				7B10D2871DFE391F00DC90C6 /* Release */,
			);
			defaultConfigurationIsVisible = 0;
			defaultConfigurationName = Release;
		};
		7B10D2881DFE391F00DC90C6 /* Build configuration list for PBXNativeTarget "DoubleWavesAnimation" */ = {
			isa = XCConfigurationList;
			buildConfigurations = (
				7B10D2891DFE391F00DC90C6 /* Debug */,
				7B10D28A1DFE391F00DC90C6 /* Release */,
			);
			defaultConfigurationIsVisible = 0;
			defaultConfigurationName = Release;
		};
		7B10D28B1DFE391F00DC90C6 /* Build configuration list for PBXNativeTarget "DoubleWavesAnimationTests" */ = {
			isa = XCConfigurationList;
			buildConfigurations = (
				7B10D28C1DFE391F00DC90C6 /* Debug */,
				7B10D28D1DFE391F00DC90C6 /* Release */,
			);
			defaultConfigurationIsVisible = 0;
			defaultConfigurationName = Release;
		};
		7B10D28E1DFE391F00DC90C6 /* Build configuration list for PBXNativeTarget "DoubleWavesAnimationUITests" */ = {
			isa = XCConfigurationList;
			buildConfigurations = (
				7B10D28F1DFE391F00DC90C6 /* Debug */,
				7B10D2901DFE391F00DC90C6 /* Release */,
			);
			defaultConfigurationIsVisible = 0;
			defaultConfigurationName = Release;
		};
/* End XCConfigurationList section */
	};
	rootObject = 7B10D2531DFE391F00DC90C6 /* Project object */;
}
